{
  "lockfileVersion": 1,
  "workspaces": {
    "": {
      "name": "parquet-generator",
      "dependencies": {
        "parquetjs-lite": "^0.8.7",
      },
      "devDependencies": {
        "@types/bun": "latest",
      },
      "peerDependencies": {
        "typescript": "^5.0.0",
      },
    },
  },
  "packages": {
    "@types/bun": ["@types/bun@1.2.2", "", { "dependencies": { "bun-types": "1.2.2" } }, "sha512-tr74gdku+AEDN5ergNiBnplr7hpDp3V1h7fqI2GcR/rsUaM39jpSeKH0TFibRvU0KwniRx5POgaYnaXbk0hU+w=="],

    "@types/node": ["@types/node@22.13.4", "", { "dependencies": { "undici-types": "~6.20.0" } }, "sha512-ywP2X0DYtX3y08eFVx5fNIw7/uIv8hYUKgXoK8oayJlLnKcRfEYCxWMVE1XagUdVtCJlZT1AU4LXEABW+L1Peg=="],

    "@types/ws": ["@types/ws@8.5.14", "", { "dependencies": { "@types/node": "*" } }, "sha512-bd/YFLW+URhBzMXurx7lWByOu+xzU9+kb3RboOteXYDfW+tr+JZa99OyNmPINEGB/ahzKrEuc8rcv4gnpJmxTw=="],

    "bun-types": ["bun-types@1.2.2", "", { "dependencies": { "@types/node": "*", "@types/ws": "~8.5.10" } }, "sha512-RCbMH5elr9gjgDGDhkTTugA21XtJAy/9jkKe/G3WR2q17VPGhcquf9Sir6uay9iW+7P/BV0CAHA1XlHXMAVKHg=="],

    "int53": ["int53@0.2.4", "", {}, "sha512-a5jlKftS7HUOhkUyYD7j2sJ/ZnvWiNlZS1ldR+g1ifQ+/UuZXIE+YTc/lK1qGj/GwAU5F8Z0e1eVq2t1J5Ob2g=="],

    "node-int64": ["node-int64@0.3.3", "", {}, "sha512-bLdNOp5SYyqfDz/ssGHt2OTg8u+jEkCx4EoZIzprqeonFIUhlSBrKu40e/x6hIFYJx4ZEt64/9IZJyafvhGZrw=="],

    "parquetjs-lite": ["parquetjs-lite@0.8.7", "", { "dependencies": { "int53": "^0.2.4", "node-int64": "^0.3.3", "snappyjs": "^0.6.0", "varint": "^5.0.0" } }, "sha512-L0tdHzvy0btLJvAFZvjO0+ru+FL8tHPqiVE90KEnMy5jDqv+WmEy9Ii8SjiC+exAOi3RGyPYIdgJvFijYyEahA=="],

    "snappyjs": ["snappyjs@0.6.1", "", {}, "sha512-YIK6I2lsH072UE0aOFxxY1dPDCS43I5ktqHpeAsuLNYWkE5pGxRGWfDM4/vSUfNzXjC1Ivzt3qx31PCLmc9yqg=="],

    "typescript": ["typescript@5.7.3", "", { "bin": { "tsc": "bin/tsc", "tsserver": "bin/tsserver" } }, "sha512-84MVSjMEHP+FQRPy3pX9sTVV/INIex71s9TL2Gm5FG/WG1SqXeKyZ0k7/blY/4FdOzI12CBy1vGc4og/eus0fw=="],

    "undici-types": ["undici-types@6.20.0", "", {}, "sha512-Ny6QZ2Nju20vw1SRHe3d9jVu6gJ+4e3+MMpqu7pqE5HT6WsTSlce++GQmK5UXS8mzV8DSYHrQH+Xrf2jVcuKNg=="],

    "varint": ["varint@5.0.2", "", {}, "sha512-lKxKYG6H03yCZUpAGOPOsMcGxd1RHCu1iKvEHYDPmTyq2HueGhD73ssNBqqQWfvYs04G9iUFRvmAVLW20Jw6ow=="],
  }
}
